{
  "object": {
    "pins": [
      {
        "package": "Segment",
        "repositoryURL": "https://github.com/segmentio/analytics-swift",
        "state": {
          "branch": "main",
          "revision": "9cf108a2a4a9c2657572e58a1129e288331de03a",
          "version": null
        }
      },
      {
        "package": "Castle",
        "repositoryURL": "https://github.com/castle/castle-ios",
        "state": {
          "branch": null,
          "revision": "aa5bb79fd384a2a6e7435779e333eea01ce0871c",
          "version": "3.0.7"
        }
      },
      {
        "package": "Sovran",
        "repositoryURL": "https://github.com/segmentio/Sovran-Swift.git",
        "state": {
          "branch": null,
          "revision": "944c17d7c46bd95fc37f09136cabd172be5b413b",
          "version": "1.0.3"
        }
      }
    ]
  },
  "version": 1
}
